dependencies:
- name: ingress-nginx
  repository: https://kubernetes.github.io/ingress-nginx
  version: 4.15.1
- name: jenkins
  repository: https://charts.jenkins.io
  version: 5.9.18
- name: sonarqube
  repository: https://SonarSource.github.io/helm-chart-sonarqube
  version: 2026.2.1
- name: keycloakx
  repository: https://codecentric.github.io/helm-charts
  version: 7.1.11
- name: postgresql
  repository: https://charts.bitnami.com/bitnami
  version: 18.6.4
- name: cert-manager
  repository: https://charts.jetstack.io
  version: v1.20.2
- name: external-dns
  repository: https://kubernetes-sigs.github.io/external-dns/
  version: 1.21.1
digest: sha256:abc263de0c2d06975c1d751125292e02cd2922e91c2234bb192446f76aac8eb3
generated: "2026-05-12T16:19:35.278339715+07:00"
